
Microsoft Visual Studio Solution File, Format Version 12.00
# Visual Studio Version 17
VisualStudioVersion = 17.0.31903.59
MinimumVisualStudioVersion = 10.0.40219.1
Project("{2150E333-8FDC-42A3-9474-1A3956D46DE8}") = "src", "src", "{F4B77A87-97B9-4CAB-B0D3-B2053907275B}"
EndProject
Project("{2150E333-8FDC-42A3-9474-1A3956D46DE8}") = "backend", "backend", "{B8611C2F-BEF7-4DDE-BFCB-AE319FB0CCFD}"
EndProject
Project("{FAE04EC0-301F-11D3-BF4B-00C04F79EFBC}") = "Api", "src\backend\Api\Api.csproj", "{CD932169-FE21-4422-ABCF-2B561BBAFB19}"
EndProject
Project("{2150E333-8FDC-42A3-9474-1A3956D46DE8}") = "Tests", "Tests", "{B4619968-8C74-C62E-B97C-A6A284359CBA}"
EndProject
Project("{FAE04EC0-301F-11D3-BF4B-00C04F79EFBC}") = "UniTrade.Tests", "src\backend\Tests\UniTrade.Tests.csproj", "{BA04C948-0336-4186-8FF9-9168C8354A8F}"
EndProject
Project("{FAE04EC0-301F-11D3-BF4B-00C04F79EFBC}") = "Modules", "src\backend\Modules\Modules.csproj", "{24965461-2CB2-4038-B60C-BE193BD03780}"
EndProject
Project("{FAE04EC0-301F-11D3-BF4B-00C04F79EFBC}") = "Infrastructure", "src\backend\Infrastructure\Infrastructure.csproj", "{113C5FA8-A0E5-4B13-BEA4-AAB01CE6D145}"
EndProject
Global
	GlobalSection(SolutionConfigurationPlatforms) = preSolution
		Debug|Any CPU = Debug|Any CPU
		Debug|x64 = Debug|x64
		Debug|x86 = Debug|x86
		Release|Any CPU = Release|Any CPU
		Release|x64 = Release|x64
		Release|x86 = Release|x86
	EndGlobalSection
	GlobalSection(ProjectConfigurationPlatforms) = postSolution
		{CD932169-FE21-4422-ABCF-2B561BBAFB19}.Debug|Any CPU.ActiveCfg = Debug|Any CPU
		{CD932169-FE21-4422-ABCF-2B561BBAFB19}.Debug|Any CPU.Build.0 = Debug|Any CPU
		{CD932169-FE21-4422-ABCF-2B561BBAFB19}.Debug|x64.ActiveCfg = Debug|Any CPU
		{CD932169-FE21-4422-ABCF-2B561BBAFB19}.Debug|x64.Build.0 = Debug|Any CPU
		{CD932169-FE21-4422-ABCF-2B561BBAFB19}.Debug|x86.ActiveCfg = Debug|Any CPU
		{CD932169-FE21-4422-ABCF-2B561BBAFB19}.Debug|x86.Build.0 = Debug|Any CPU
		{CD932169-FE21-4422-ABCF-2B561BBAFB19}.Release|Any CPU.ActiveCfg = Release|Any CPU
		{CD932169-FE21-4422-ABCF-2B561BBAFB19}.Release|Any CPU.Build.0 = Release|Any CPU
		{CD932169-FE21-4422-ABCF-2B561BBAFB19}.Release|x64.ActiveCfg = Release|Any CPU
		{CD932169-FE21-4422-ABCF-2B561BBAFB19}.Release|x64.Build.0 = Release|Any CPU
		{CD932169-FE21-4422-ABCF-2B561BBAFB19}.Release|x86.ActiveCfg = Release|Any CPU
		{CD932169-FE21-4422-ABCF-2B561BBAFB19}.Release|x86.Build.0 = Release|Any CPU
		{BA04C948-0336-4186-8FF9-9168C8354A8F}.Debug|Any CPU.ActiveCfg = Debug|Any CPU
		{BA04C948-0336-4186-8FF9-9168C8354A8F}.Debug|Any CPU.Build.0 = Debug|Any CPU
		{BA04C948-0336-4186-8FF9-9168C8354A8F}.Debug|x64.ActiveCfg = Debug|Any CPU
		{BA04C948-0336-4186-8FF9-9168C8354A8F}.Debug|x64.Build.0 = Debug|Any CPU
		{BA04C948-0336-4186-8FF9-9168C8354A8F}.Debug|x86.ActiveCfg = Debug|Any CPU
		{BA04C948-0336-4186-8FF9-9168C8354A8F}.Debug|x86.Build.0 = Debug|Any CPU
		{BA04C948-0336-4186-8FF9-9168C8354A8F}.Release|Any CPU.ActiveCfg = Release|Any CPU
		{BA04C948-0336-4186-8FF9-9168C8354A8F}.Release|Any CPU.Build.0 = Release|Any CPU
		{BA04C948-0336-4186-8FF9-9168C8354A8F}.Release|x64.ActiveCfg = Release|Any CPU
		{BA04C948-0336-4186-8FF9-9168C8354A8F}.Release|x64.Build.0 = Release|Any CPU
		{BA04C948-0336-4186-8FF9-9168C8354A8F}.Release|x86.ActiveCfg = Release|Any CPU
		{BA04C948-0336-4186-8FF9-9168C8354A8F}.Release|x86.Build.0 = Release|Any CPU
		{24965461-2CB2-4038-B60C-BE193BD03780}.Debug|Any CPU.ActiveCfg = Debug|Any CPU
		{24965461-2CB2-4038-B60C-BE193BD03780}.Debug|Any CPU.Build.0 = Debug|Any CPU
		{24965461-2CB2-4038-B60C-BE193BD03780}.Debug|x64.ActiveCfg = Debug|Any CPU
		{24965461-2CB2-4038-B60C-BE193BD03780}.Debug|x64.Build.0 = Debug|Any CPU
		{24965461-2CB2-4038-B60C-BE193BD03780}.Debug|x86.ActiveCfg = Debug|Any CPU
		{24965461-2CB2-4038-B60C-BE193BD03780}.Debug|x86.Build.0 = Debug|Any CPU
		{24965461-2CB2-4038-B60C-BE193BD03780}.Release|Any CPU.ActiveCfg = Release|Any CPU
		{24965461-2CB2-4038-B60C-BE193BD03780}.Release|Any CPU.Build.0 = Release|Any CPU
		{24965461-2CB2-4038-B60C-BE193BD03780}.Release|x64.ActiveCfg = Release|Any CPU
		{24965461-2CB2-4038-B60C-BE193BD03780}.Release|x64.Build.0 = Release|Any CPU
		{24965461-2CB2-4038-B60C-BE193BD03780}.Release|x86.ActiveCfg = Release|Any CPU
		{24965461-2CB2-4038-B60C-BE193BD03780}.Release|x86.Build.0 = Release|Any CPU
		{113C5FA8-A0E5-4B13-BEA4-AAB01CE6D145}.Debug|Any CPU.ActiveCfg = Debug|Any CPU
		{113C5FA8-A0E5-4B13-BEA4-AAB01CE6D145}.Debug|Any CPU.Build.0 = Debug|Any CPU
		{113C5FA8-A0E5-4B13-BEA4-AAB01CE6D145}.Debug|x64.ActiveCfg = Debug|Any CPU
		{113C5FA8-A0E5-4B13-BEA4-AAB01CE6D145}.Debug|x64.Build.0 = Debug|Any CPU
		{113C5FA8-A0E5-4B13-BEA4-AAB01CE6D145}.Debug|x86.ActiveCfg = Debug|Any CPU
		{113C5FA8-A0E5-4B13-BEA4-AAB01CE6D145}.Debug|x86.Build.0 = Debug|Any CPU
		{113C5FA8-A0E5-4B13-BEA4-AAB01CE6D145}.Release|Any CPU.ActiveCfg = Release|Any CPU
		{113C5FA8-A0E5-4B13-BEA4-AAB01CE6D145}.Release|Any CPU.Build.0 = Release|Any CPU
		{113C5FA8-A0E5-4B13-BEA4-AAB01CE6D145}.Release|x64.ActiveCfg = Release|Any CPU
		{113C5FA8-A0E5-4B13-BEA4-AAB01CE6D145}.Release|x64.Build.0 = Release|Any CPU
		{113C5FA8-A0E5-4B13-BEA4-AAB01CE6D145}.Release|x86.ActiveCfg = Release|Any CPU
		{113C5FA8-A0E5-4B13-BEA4-AAB01CE6D145}.Release|x86.Build.0 = Release|Any CPU
	EndGlobalSection
	GlobalSection(SolutionProperties) = preSolution
		HideSolutionNode = FALSE
	EndGlobalSection
	GlobalSection(NestedProjects) = preSolution
		{B8611C2F-BEF7-4DDE-BFCB-AE319FB0CCFD} = {F4B77A87-97B9-4CAB-B0D3-B2053907275B}
		{CD932169-FE21-4422-ABCF-2B561BBAFB19} = {B8611C2F-BEF7-4DDE-BFCB-AE319FB0CCFD}
		{B4619968-8C74-C62E-B97C-A6A284359CBA} = {B8611C2F-BEF7-4DDE-BFCB-AE319FB0CCFD}
		{BA04C948-0336-4186-8FF9-9168C8354A8F} = {B4619968-8C74-C62E-B97C-A6A284359CBA}
		{24965461-2CB2-4038-B60C-BE193BD03780} = {B8611C2F-BEF7-4DDE-BFCB-AE319FB0CCFD}
		{113C5FA8-A0E5-4B13-BEA4-AAB01CE6D145} = {B8611C2F-BEF7-4DDE-BFCB-AE319FB0CCFD}
	EndGlobalSection
EndGlobal
