Microsoft Visual Studio Solution File, Format Version 12.00
# Visual Studio Version 17
VisualStudioVersion = 17.5.2.0
MinimumVisualStudioVersion = 10.0.40219.1
Project("{FAE04EC0-301F-11D3-BF4B-00C04F79EFBC}") = "Modules", "Modules.csproj", "{DDD62545-5D29-1BF4-6838-410C038BD28A}"
EndProject
Global
	GlobalSection(SolutionConfigurationPlatforms) = preSolution
		Debug|Any CPU = Debug|Any CPU
		Release|Any CPU = Release|Any CPU
	EndGlobalSection
	GlobalSection(ProjectConfigurationPlatforms) = postSolution
		{DDD62545-5D29-1BF4-6838-410C038BD28A}.Debug|Any CPU.ActiveCfg = Debug|Any CPU
		{DDD62545-5D29-1BF4-6838-410C038BD28A}.Debug|Any CPU.Build.0 = Debug|Any CPU
		{DDD62545-5D29-1BF4-6838-410C038BD28A}.Release|Any CPU.ActiveCfg = Release|Any CPU
		{DDD62545-5D29-1BF4-6838-410C038BD28A}.Release|Any CPU.Build.0 = Release|Any CPU
	EndGlobalSection
	GlobalSection(SolutionProperties) = preSolution
		HideSolutionNode = FALSE
	EndGlobalSection
	GlobalSection(ExtensibilityGlobals) = postSolution
		SolutionGuid = {30BA2E4D-6F3C-4FC6-8657-1A6FFB336BBB}
	EndGlobalSection
EndGlobal
